// !$*UTF8*$!
{
	archiveVersion = 1;
	classes = {
	};
	objectVersion = 48;
	objects = {

/* Begin PBXBuildFile section */
		9DF8F563200355CA00507B8B /* AppDelegate.swift in Sources */ = {isa = PBXBuildFile; fileRef = 9DF8F562200355CA00507B8B /* AppDelegate.swift */; };
		9DF8F565200355CA00507B8B /* ViewController.swift in Sources */ = {isa = PBXBuildFile; fileRef = 9DF8F564200355CA00507B8B /* ViewController.swift */; };
		9DF8F568200355CA00507B8B /* Main.storyboard in Resources */ = {isa = PBXBuildFile; fileRef = 9DF8F566200355CA00507B8B /* Main.storyboard */; };
		9DF8F56A200355CA00507B8B /* Assets.xcassets in Resources */ = {isa = PBXBuildFile; fileRef = 9DF8F569200355CA00507B8B /* Assets.xcassets */; };
		9DF8F56D200355CA00507B8B /* LaunchScreen.storyboard in Resources */ = {isa = PBXBuildFile; fileRef = 9DF8F56B200355CA00507B8B /* LaunchScreen.storyboard */; };
		9DF8F57E2003625C00507B8B /* BorderButton.swift in Sources */ = {isa = PBXBuildFile; fileRef = 9DF8F57D2003625B00507B8B /* BorderButton.swift */; };
/* End PBXBuildFile section */

/* Begin PBXFileReference section */
		9DF8F55F200355CA00507B8B /* Swoosh.app */ = {isa = PBXFileReference; explicitFileType = wrapper.application; includeInIndex = 0; path = Swoosh.app; sourceTree = BUILT_PRODUCTS_DIR; };
		9DF8F562200355CA00507B8B /* AppDelegate.swift */ = {isa = PBXFileReference; lastKnownFileType = sourcecode.swift; path = AppDelegate.swift; sourceTree = "<group>"; };
		9DF8F564200355CA00507B8B /* ViewController.swift */ = {isa = PBXFileReference; lastKnownFileType = sourcecode.swift; path = ViewController.swift; sourceTree = "<group>"; };
		9DF8F567200355CA00507B8B /* Base */ = {isa = PBXFileReference; lastKnownFileType = file.storyboard; name = Base; path = Base.lproj/Main.storyboard; sourceTree = "<group>"; };
		9DF8F569200355CA00507B8B /* Assets.xcassets */ = {isa = PBXFileReference; lastKnownFileType = folder.assetcatalog; path = Assets.xcassets; sourceTree = "<group>"; };
		9DF8F56C200355CA00507B8B /* Base */ = {isa = PBXFileReference; lastKnownFileType = file.storyboard; name = Base; path = Base.lproj/LaunchScreen.storyboard; sourceTree = "<group>"; };
		9DF8F56E200355CA00507B8B /* Info.plist */ = {isa = PBXFileReference; lastKnownFileType = text.plist.xml; path = Info.plist; sourceTree = "<group>"; };
		9DF8F57D2003625B00507B8B /* BorderButton.swift */ = {isa = PBXFileReference; lastKnownFileType = sourcecode.swift; path = BorderButton.swift; sourceTree = "<group>"; };
/* End PBXFileReference section */

/* Begin PBXFrameworksBuildPhase section */
		9DF8F55C200355C900507B8B /* Frameworks */ = {
			isa = PBXFrameworksBuildPhase;
			buildActionMask = 2147483647;
			files = (
			);
			runOnlyForDeploymentPostprocessing = 0;
		};
/* End PBXFrameworksBuildPhase section */

/* Begin PBXGroup section */
		9DF8F556200355C900507B8B = {
			isa = PBXGroup;
			children = (
				9DF8F561200355CA00507B8B /* Swoosh */,
				9DF8F560200355CA00507B8B /* Products */,
			);
			sourceTree = "<group>";
		};
		9DF8F560200355CA00507B8B /* Products */ = {
			isa = PBXGroup;
			children = (
				9DF8F55F200355CA00507B8B /* Swoosh.app */,
			);
			name = Products;
			sourceTree = "<group>";
		};
		9DF8F561200355CA00507B8B /* Swoosh */ = {
			isa = PBXGroup;
			children = (
				9DF8F57C2003622E00507B8B /* Storyboards */,
				9DF8F5792003560D00507B8B /* Model */,
				9DF8F57A2003561400507B8B /* View */,
				9DF8F57B2003561B00507B8B /* Controller */,
				9DF8F578200355EC00507B8B /* Application */,
				9DF8F569200355CA00507B8B /* Assets.xcassets */,
			);
			path = Swoosh;
			sourceTree = "<group>";
		};
		9DF8F578200355EC00507B8B /* Application */ = {
			isa = PBXGroup;
			children = (
				9DF8F56B200355CA00507B8B /* LaunchScreen.storyboard */,
				9DF8F562200355CA00507B8B /* AppDelegate.swift */,
				9DF8F56E200355CA00507B8B /* Info.plist */,
			);
			path = Application;
			sourceTree = "<group>";
		};
		9DF8F5792003560D00507B8B /* Model */ = {
			isa = PBXGroup;
			children = (
			);
			path = Model;
			sourceTree = "<group>";
		};
		9DF8F57A2003561400507B8B /* View */ = {
			isa = PBXGroup;
			children = (
				9DF8F57D2003625B00507B8B /* BorderButton.swift */,
			);
			path = View;
			sourceTree = "<group>";
		};
		9DF8F57B2003561B00507B8B /* Controller */ = {
			isa = PBXGroup;
			children = (
				9DF8F564200355CA00507B8B /* ViewController.swift */,
			);
			path = Controller;
			sourceTree = "<group>";
		};
		9DF8F57C2003622E00507B8B /* Storyboards */ = {
			isa = PBXGroup;
			children = (
				9DF8F566200355CA00507B8B /* Main.storyboard */,
			);
			path = Storyboards;
			sourceTree = "<group>";
		};
/* End PBXGroup section */

/* Begin PBXNativeTarget section */
		9DF8F55E200355C900507B8B /* Swoosh */ = {
			isa = PBXNativeTarget;
			buildConfigurationList = 9DF8F571200355CA00507B8B /* Build configuration list for PBXNativeTarget "Swoosh" */;
			buildPhases = (
				9DF8F55B200355C900507B8B /* Sources */,
				9DF8F55C200355C900507B8B /* Frameworks */,
				9DF8F55D200355C900507B8B /* Resources */,
			);
			buildRules = (
			);
			dependencies = (
			);
			name = Swoosh;
			productName = Swoosh;
			productReference = 9DF8F55F200355CA00507B8B /* Swoosh.app */;
			productType = "com.apple.product-type.application";
		};
/* End PBXNativeTarget section */

/* Begin PBXProject section */
		9DF8F557200355C900507B8B /* Project object */ = {
			isa = PBXProject;
			attributes = {
				LastSwiftUpdateCheck = 0910;
				LastUpgradeCheck = 0910;
				ORGANIZATIONNAME = mdevsa;
				TargetAttributes = {
					9DF8F55E200355C900507B8B = {
						CreatedOnToolsVersion = 9.1;
						ProvisioningStyle = Automatic;
					};
				};
			};
			buildConfigurationList = 9DF8F55A200355C900507B8B /* Build configuration list for PBXProject "Swoosh" */;
			compatibilityVersion = "Xcode 8.0";
			developmentRegion = en;
			hasScannedForEncodings = 0;
			knownRegions = (
				en,
				Base,
			);
			mainGroup = 9DF8F556200355C900507B8B;
			productRefGroup = 9DF8F560200355CA00507B8B /* Products */;
			projectDirPath = "";
			projectRoot = "";
			targets = (
				9DF8F55E200355C900507B8B /* Swoosh */,
			);
		};
/* End PBXProject section */

/* Begin PBXResourcesBuildPhase section */
		9DF8F55D200355C900507B8B /* Resources */ = {
			isa = PBXResourcesBuildPhase;
			buildActionMask = 2147483647;
			files = (
				9DF8F56D200355CA00507B8B /* LaunchScreen.storyboard in Resources */,
				9DF8F56A200355CA00507B8B /* Assets.xcassets in Resources */,
				9DF8F568200355CA00507B8B /* Main.storyboard in Resources */,
			);
			runOnlyForDeploymentPostprocessing = 0;
		};
/* End PBXResourcesBuildPhase section */

/* Begin PBXSourcesBuildPhase section */
		9DF8F55B200355C900507B8B /* Sources */ = {
			isa = PBXSourcesBuildPhase;
			buildActionMask = 2147483647;
			files = (
				9DF8F565200355CA00507B8B /* ViewController.swift in Sources */,
				9DF8F563200355CA00507B8B /* AppDelegate.swift in Sources */,
				9DF8F57E2003625C00507B8B /* BorderButton.swift in Sources */,
			);
			runOnlyForDeploymentPostprocessing = 0;
		};
/* End PBXSourcesBuildPhase section */

/* Begin PBXVariantGroup section */
		9DF8F566200355CA00507B8B /* Main.storyboard */ = {
			isa = PBXVariantGroup;
			children = (
				9DF8F567200355CA00507B8B /* Base */,
			);
			name = Main.storyboard;
			sourceTree = "<group>";
		};
		9DF8F56B200355CA00507B8B /* LaunchScreen.storyboard */ = {
			isa = PBXVariantGroup;
			children = (
				9DF8F56C200355CA00507B8B /* Base */,
			);
			name = LaunchScreen.storyboard;
			sourceTree = "<group>";
		};
/* End PBXVariantGroup section */

/* Begin XCBuildConfiguration section */
		9DF8F56F200355CA00507B8B /* Debug */ = {
			isa = XCBuildConfiguration;
			buildSettings = {
				ALWAYS_SEARCH_USER_PATHS = NO;
				CLANG_ANALYZER_NONNULL = YES;
				CLANG_ANALYZER_NUMBER_OBJECT_CONVERSION = YES_AGGRESSIVE;
				CLANG_CXX_LANGUAGE_STANDARD = "gnu++14";
				CLANG_CXX_LIBRARY = "libc++";
				CLANG_ENABLE_MODULES = YES;
				CLANG_ENABLE_OBJC_ARC = YES;
				CLANG_WARN_BLOCK_CAPTURE_AUTORELEASING = YES;
				CLANG_WARN_BOOL_CONVERSION = YES;
				CLANG_WARN_COMMA = YES;
				CLANG_WARN_CONSTANT_CONVERSION = YES;
				CLANG_WARN_DIRECT_OBJC_ISA_USAGE = YES_ERROR;
				CLANG_WARN_DOCUMENTATION_COMMENTS = YES;
				CLANG_WARN_EMPTY_BODY = YES;
				CLANG_WARN_ENUM_CONVERSION = YES;
				CLANG_WARN_INFINITE_RECURSION = YES;
				CLANG_WARN_INT_CONVERSION = YES;
				CLANG_WARN_NON_LITERAL_NULL_CONVERSION = YES;
				CLANG_WARN_OBJC_LITERAL_CONVERSION = YES;
				CLANG_WARN_OBJC_ROOT_CLASS = YES_ERROR;
				CLANG_WARN_RANGE_LOOP_ANALYSIS = YES;
				CLANG_WARN_STRICT_PROTOTYPES = YES;
				CLANG_WARN_SUSPICIOUS_MOVE = YES;
				CLANG_WARN_UNGUARDED_AVAILABILITY = YES_AGGRESSIVE;
				CLANG_WARN_UNREACHABLE_CODE = YES;
				CLANG_WARN__DUPLICATE_METHOD_MATCH = YES;
				CODE_SIGN_IDENTITY = "iPhone Developer";
				COPY_PHASE_STRIP = NO;
				DEBUG_INFORMATION_FORMAT = dwarf;
				ENABLE_STRICT_OBJC_MSGSEND = YES;
				ENABLE_TESTABILITY = YES;
				GCC_C_LANGUAGE_STANDARD = gnu11;
				GCC_DYNAMIC_NO_PIC = NO;
				GCC_NO_COMMON_BLOCKS = YES;
				GCC_OPTIMIZATION_LEVEL = 0;
				GCC_PREPROCESSOR_DEFINITIONS = (
					"DEBUG=1",
					"$(inherited)",
				);
				GCC_WARN_64_TO_32_BIT_CONVERSION = YES;
				GCC_WARN_ABOUT_RETURN_TYPE = YES_ERROR;
				GCC_WARN_UNDECLARED_SELECTOR = YES;
				GCC_WARN_UNINITIALIZED_AUTOS = YES_AGGRESSIVE;
				GCC_WARN_UNUSED_FUNCTION = YES;
				GCC_WARN_UNUSED_VARIABLE = YES;
				IPHONEOS_DEPLOYMENT_TARGET = 11.0;
				MTL_ENABLE_DEBUG_INFO = YES;
				ONLY_ACTIVE_ARCH = YES;
				SDKROOT = iphoneos;
				SWIFT_ACTIVE_COMPILATION_CONDITIONS = DEBUG;
				SWIFT_OPTIMIZATION_LEVEL = "-Onone";
			};
			name = Debug;
		};
		9DF8F570200355CA00507B8B /* Release */ = {
			isa = XCBuildConfiguration;
			buildSettings = {
				ALWAYS_SEARCH_USER_PATHS = NO;
				CLANG_ANALYZER_NONNULL = YES;
				CLANG_ANALYZER_NUMBER_OBJECT_CONVERSION = YES_AGGRESSIVE;
				CLANG_CXX_LANGUAGE_STANDARD = "gnu++14";
				CLANG_CXX_LIBRARY = "libc++";
				CLANG_ENABLE_MODULES = YES;
				CLANG_ENABLE_OBJC_ARC = YES;
				CLANG_WARN_BLOCK_CAPTURE_AUTORELEASING = YES;
				CLANG_WARN_BOOL_CONVERSION = YES;
				CLANG_WARN_COMMA = YES;
				CLANG_WARN_CONSTANT_CONVERSION = YES;
				CLANG_WARN_DIRECT_OBJC_ISA_USAGE = YES_ERROR;
				CLANG_WARN_DOCUMENTATION_COMMENTS = YES;
				CLANG_WARN_EMPTY_BODY = YES;
				CLANG_WARN_ENUM_CONVERSION = YES;
				CLANG_WARN_INFINITE_RECURSION = YES;
				CLANG_WARN_INT_CONVERSION = YES;
				CLANG_WARN_NON_LITERAL_NULL_CONVERSION = YES;
				CLANG_WARN_OBJC_LITERAL_CONVERSION = YES;
				CLANG_WARN_OBJC_ROOT_CLASS = YES_ERROR;
				CLANG_WARN_RANGE_LOOP_ANALYSIS = YES;
				CLANG_WARN_STRICT_PROTOTYPES = YES;
				CLANG_WARN_SUSPICIOUS_MOVE = YES;
				CLANG_WARN_UNGUARDED_AVAILABILITY = YES_AGGRESSIVE;
				CLANG_WARN_UNREACHABLE_CODE = YES;
				CLANG_WARN__DUPLICATE_METHOD_MATCH = YES;
				CODE_SIGN_IDENTITY = "iPhone Developer";
				COPY_PHASE_STRIP = NO;
				DEBUG_INFORMATION_FORMAT = "dwarf-with-dsym";
				ENABLE_NS_ASSERTIONS = NO;
				ENABLE_STRICT_OBJC_MSGSEND = YES;
				GCC_C_LANGUAGE_STANDARD = gnu11;
				GCC_NO_COMMON_BLOCKS = YES;
				GCC_WARN_64_TO_32_BIT_CONVERSION = YES;
				GCC_WARN_ABOUT_RETURN_TYPE = YES_ERROR;
				GCC_WARN_UNDECLARED_SELECTOR = YES;
				GCC_WARN_UNINITIALIZED_AUTOS = YES_AGGRESSIVE;
				GCC_WARN_UNUSED_FUNCTION = YES;
				GCC_WARN_UNUSED_VARIABLE = YES;
				IPHONEOS_DEPLOYMENT_TARGET = 11.0;
				MTL_ENABLE_DEBUG_INFO = NO;
				SDKROOT = iphoneos;
				SWIFT_OPTIMIZATION_LEVEL = "-Owholemodule";
				VALIDATE_PRODUCT = YES;
			};
			name = Release;
		};
		9DF8F572200355CA00507B8B /* Debug */ = {
			isa = XCBuildConfiguration;
			buildSettings = {
				ASSETCATALOG_COMPILER_APPICON_NAME = AppIcon;
				CODE_SIGN_STYLE = Automatic;
				DEVELOPMENT_TEAM = B534EWRJTS;
				INFOPLIST_FILE = "$(SRCROOT)/Swoosh/Application/Info.plist";
				LD_RUNPATH_SEARCH_PATHS = "$(inherited) @executable_path/Frameworks";
				PRODUCT_BUNDLE_IDENTIFIER = com.mdevsa.Swoosh;
				PRODUCT_NAME = "$(TARGET_NAME)";
				SWIFT_VERSION = 4.0;
				TARGETED_DEVICE_FAMILY = "1,2";
			};
			name = Debug;
		};
		9DF8F573200355CA00507B8B /* Release */ = {
			isa = XCBuildConfiguration;
			buildSettings = {
				ASSETCATALOG_COMPILER_APPICON_NAME = AppIcon;
				CODE_SIGN_STYLE = Automatic;
				DEVELOPMENT_TEAM = B534EWRJTS;
				INFOPLIST_FILE = "$(SRCROOT)/Swoosh/Application/Info.plist";
				LD_RUNPATH_SEARCH_PATHS = "$(inherited) @executable_path/Frameworks";
				PRODUCT_BUNDLE_IDENTIFIER = com.mdevsa.Swoosh;
				PRODUCT_NAME = "$(TARGET_NAME)";
				SWIFT_VERSION = 4.0;
				TARGETED_DEVICE_FAMILY = "1,2";
			};
			name = Release;
		};
/* End XCBuildConfiguration section */

/* Begin XCConfigurationList section */
		9DF8F55A200355C900507B8B /* Build configuration list for PBXProject "Swoosh" */ = {
			isa = XCConfigurationList;
			buildConfigurations = (
				9DF8F56F200355CA00507B8B /* Debug */,
				9DF8F570200355CA00507B8B /* Release */,
			);
			defaultConfigurationIsVisible = 0;
			defaultConfigurationName = Release;
		};
		9DF8F571200355CA00507B8B /* Build configuration list for PBXNativeTarget "Swoosh" */ = {
			isa = XCConfigurationList;
			buildConfigurations = (
				9DF8F572200355CA00507B8B /* Debug */,
				9DF8F573200355CA00507B8B /* Release */,
			);
			defaultConfigurationIsVisible = 0;
			defaultConfigurationName = Release;
		};
/* End XCConfigurationList section */
	};
	rootObject = 9DF8F557200355C900507B8B /* Project object */;
}
